// !$*UTF8*$!
{
	archiveVersion = 1;
	classes = {
	};
	objectVersion = 63;
	objects = {

/* Begin PBXBuildFile section */
		0984E6762FA469960017C327 /* Assets.xcassets in Resources */ = {isa = PBXBuildFile; fileRef = 0984E6722FA469960017C327 /* Assets.xcassets */; };
		0984E6942FA469980017C327 /* AppState.swift in Sources */ = {isa = PBXBuildFile; fileRef = 0984E6772FA469980017C327 /* AppState.swift */; };
		0984E6952FA469980017C327 /* SmartNoteApp.swift in Sources */ = {isa = PBXBuildFile; fileRef = 0984E6782FA469980017C327 /* SmartNoteApp.swift */; };
		0984E6962FA469980017C327 /* LLMConfiguration.swift in Sources */ = {isa = PBXBuildFile; fileRef = 0984E67A2FA469980017C327 /* LLMConfiguration.swift */; };
		0984E6972FA469980017C327 /* ReviewPlan.swift in Sources */ = {isa = PBXBuildFile; fileRef = 0984E67B2FA469980017C327 /* ReviewPlan.swift */; };
		0984E6982FA469980017C327 /* StudyMaterial.swift in Sources */ = {isa = PBXBuildFile; fileRef = 0984E67C2FA469980017C327 /* StudyMaterial.swift */; };
		0984E6992FA469980017C327 /* CalendarService.swift in Sources */ = {isa = PBXBuildFile; fileRef = 0984E67F2FA469980017C327 /* CalendarService.swift */; };
		0984E69A2FA469980017C327 /* FileScannerService.swift in Sources */ = {isa = PBXBuildFile; fileRef = 0984E6802FA469980017C327 /* FileScannerService.swift */; };
		0984E69B2FA469980017C327 /* KeywordExtractionService.swift in Sources */ = {isa = PBXBuildFile; fileRef = 0984E6812FA469980017C327 /* KeywordExtractionService.swift */; };
		0984E69C2FA469980017C327 /* LLMService.swift in Sources */ = {isa = PBXBuildFile; fileRef = 0984E6822FA469980017C327 /* LLMService.swift */; };
		0984E69D2FA469980017C327 /* OCRService.swift in Sources */ = {isa = PBXBuildFile; fileRef = 0984E6832FA469980017C327 /* OCRService.swift */; };
		0984E69E2FA469980017C327 /* StorageService.swift in Sources */ = {isa = PBXBuildFile; fileRef = 0984E6842FA469980017C327 /* StorageService.swift */; };
		0984E69F2FA469980017C327 /* Components.swift in Sources */ = {isa = PBXBuildFile; fileRef = 0984E6882FA469980017C327 /* Components.swift */; };
		0984E6A02FA469980017C327 /* ContentView.swift in Sources */ = {isa = PBXBuildFile; fileRef = 0984E6892FA469980017C327 /* ContentView.swift */; };
		0984E6A12FA469980017C327 /* FileImportView.swift in Sources */ = {isa = PBXBuildFile; fileRef = 0984E68A2FA469980017C327 /* FileImportView.swift */; };
		0984E6A22FA469980017C327 /* KeyPointsView.swift in Sources */ = {isa = PBXBuildFile; fileRef = 0984E68B2FA469980017C327 /* KeyPointsView.swift */; };
		0984E6A32FA469980017C327 /* LLMSettingsView.swift in Sources */ = {isa = PBXBuildFile; fileRef = 0984E68C2FA469980017C327 /* LLMSettingsView.swift */; };
		0984E6A42FA469980017C327 /* MaterialDetailView.swift in Sources */ = {isa = PBXBuildFile; fileRef = 0984E68D2FA469980017C327 /* MaterialDetailView.swift */; };
		0984E6A52FA469980017C327 /* MaterialsListView.swift in Sources */ = {isa = PBXBuildFile; fileRef = 0984E68E2FA469980017C327 /* MaterialsListView.swift */; };
		0984E6A62FA469980017C327 /* ReviewPlanView.swift in Sources */ = {isa = PBXBuildFile; fileRef = 0984E68F2FA469980017C327 /* ReviewPlanView.swift */; };
		0984E6A72FA469980017C327 /* SettingsView.swift in Sources */ = {isa = PBXBuildFile; fileRef = 0984E6902FA469980017C327 /* SettingsView.swift */; };
		0984E6A82FA469980017C327 /* StatisticsView.swift in Sources */ = {isa = PBXBuildFile; fileRef = 0984E6912FA469980017C327 /* StatisticsView.swift */; };
/* End PBXBuildFile section */

/* Begin PBXFileReference section */
		0984E6722FA469960017C327 /* Assets.xcassets */ = {isa = PBXFileReference; lastKnownFileType = folder.assetcatalog; path = Assets.xcassets; sourceTree = "<group>"; };
		0984E6732FA469960017C327 /* Info.plist */ = {isa = PBXFileReference; lastKnownFileType = text.plist.xml; path = Info.plist; sourceTree = "<group>"; };
		0984E6742FA469960017C327 /* SmartNote.entitlements */ = {isa = PBXFileReference; lastKnownFileType = text.plist.entitlements; path = SmartNote.entitlements; sourceTree = "<group>"; };
		0984E6772FA469980017C327 /* AppState.swift */ = {isa = PBXFileReference; lastKnownFileType = sourcecode.swift; path = AppState.swift; sourceTree = "<group>"; };
		0984E6782FA469980017C327 /* SmartNoteApp.swift */ = {isa = PBXFileReference; lastKnownFileType = sourcecode.swift; path = SmartNoteApp.swift; sourceTree = "<group>"; };
		0984E67A2FA469980017C327 /* LLMConfiguration.swift */ = {isa = PBXFileReference; lastKnownFileType = sourcecode.swift; path = LLMConfiguration.swift; sourceTree = "<group>"; };
		0984E67B2FA469980017C327 /* ReviewPlan.swift */ = {isa = PBXFileReference; lastKnownFileType = sourcecode.swift; path = ReviewPlan.swift; sourceTree = "<group>"; };
		0984E67C2FA469980017C327 /* StudyMaterial.swift */ = {isa = PBXFileReference; lastKnownFileType = sourcecode.swift; path = StudyMaterial.swift; sourceTree = "<group>"; };
		0984E67F2FA469980017C327 /* CalendarService.swift */ = {isa = PBXFileReference; lastKnownFileType = sourcecode.swift; path = CalendarService.swift; sourceTree = "<group>"; };
		0984E6802FA469980017C327 /* FileScannerService.swift */ = {isa = PBXFileReference; lastKnownFileType = sourcecode.swift; path = FileScannerService.swift; sourceTree = "<group>"; };
		0984E6812FA469980017C327 /* KeywordExtractionService.swift */ = {isa = PBXFileReference; lastKnownFileType = sourcecode.swift; path = KeywordExtractionService.swift; sourceTree = "<group>"; };
		0984E6822FA469980017C327 /* LLMService.swift */ = {isa = PBXFileReference; lastKnownFileType = sourcecode.swift; path = LLMService.swift; sourceTree = "<group>"; };
		0984E6832FA469980017C327 /* OCRService.swift */ = {isa = PBXFileReference; lastKnownFileType = sourcecode.swift; path = OCRService.swift; sourceTree = "<group>"; };
		0984E6842FA469980017C327 /* StorageService.swift */ = {isa = PBXFileReference; lastKnownFileType = sourcecode.swift; path = StorageService.swift; sourceTree = "<group>"; };
		0984E6882FA469980017C327 /* Components.swift */ = {isa = PBXFileReference; lastKnownFileType = sourcecode.swift; path = Components.swift; sourceTree = "<group>"; };
		0984E6892FA469980017C327 /* ContentView.swift */ = {isa = PBXFileReference; lastKnownFileType = sourcecode.swift; path = ContentView.swift; sourceTree = "<group>"; };
		0984E68A2FA469980017C327 /* FileImportView.swift */ = {isa = PBXFileReference; lastKnownFileType = sourcecode.swift; path = FileImportView.swift; sourceTree = "<group>"; };
		0984E68B2FA469980017C327 /* KeyPointsView.swift */ = {isa = PBXFileReference; lastKnownFileType = sourcecode.swift; path = KeyPointsView.swift; sourceTree = "<group>"; };
		0984E68C2FA469980017C327 /* LLMSettingsView.swift */ = {isa = PBXFileReference; lastKnownFileType = sourcecode.swift; path = LLMSettingsView.swift; sourceTree = "<group>"; };
		0984E68D2FA469980017C327 /* MaterialDetailView.swift */ = {isa = PBXFileReference; lastKnownFileType = sourcecode.swift; path = MaterialDetailView.swift; sourceTree = "<group>"; };
		0984E68E2FA469980017C327 /* MaterialsListView.swift */ = {isa = PBXFileReference; lastKnownFileType = sourcecode.swift; path = MaterialsListView.swift; sourceTree = "<group>"; };
		0984E68F2FA469980017C327 /* ReviewPlanView.swift */ = {isa = PBXFileReference; lastKnownFileType = sourcecode.swift; path = ReviewPlanView.swift; sourceTree = "<group>"; };
		0984E6902FA469980017C327 /* SettingsView.swift */ = {isa = PBXFileReference; lastKnownFileType = sourcecode.swift; path = SettingsView.swift; sourceTree = "<group>"; };
		0984E6912FA469980017C327 /* StatisticsView.swift */ = {isa = PBXFileReference; lastKnownFileType = sourcecode.swift; path = StatisticsView.swift; sourceTree = "<group>"; };
		48DD289F04C084C67319D15A /* SmartNote.app */ = {isa = PBXFileReference; explicitFileType = wrapper.application; includeInIndex = 0; path = SmartNote.app; sourceTree = BUILT_PRODUCTS_DIR; };
/* End PBXFileReference section */

/* Begin PBXGroup section */
		0984E6752FA469960017C327 /* Resources */ = {
			isa = PBXGroup;
			children = (
				0984E6722FA469960017C327 /* Assets.xcassets */,
				0984E6732FA469960017C327 /* Info.plist */,
				0984E6742FA469960017C327 /* SmartNote.entitlements */,
			);
			name = Resources;
			path = SmartNote/Resources;
			sourceTree = "<group>";
		};
		0984E6792FA469980017C327 /* App */ = {
			isa = PBXGroup;
			children = (
				0984E6772FA469980017C327 /* AppState.swift */,
				0984E6782FA469980017C327 /* SmartNoteApp.swift */,
			);
			path = App;
			sourceTree = "<group>";
		};
		0984E67D2FA469980017C327 /* Models */ = {
			isa = PBXGroup;
			children = (
				0984E67A2FA469980017C327 /* LLMConfiguration.swift */,
				0984E67B2FA469980017C327 /* ReviewPlan.swift */,
				0984E67C2FA469980017C327 /* StudyMaterial.swift */,
			);
			path = Models;
			sourceTree = "<group>";
		};
		0984E67E2FA469980017C327 /* Resources */ = {
			isa = PBXGroup;
			children = (
			);
			path = Resources;
			sourceTree = "<group>";
		};
		0984E6852FA469980017C327 /* Services */ = {
			isa = PBXGroup;
			children = (
				0984E67F2FA469980017C327 /* CalendarService.swift */,
				0984E6802FA469980017C327 /* FileScannerService.swift */,
				0984E6812FA469980017C327 /* KeywordExtractionService.swift */,
				0984E6822FA469980017C327 /* LLMService.swift */,
				0984E6832FA469980017C327 /* OCRService.swift */,
				0984E6842FA469980017C327 /* StorageService.swift */,
			);
			path = Services;
			sourceTree = "<group>";
		};
		0984E6862FA469980017C327 /* Utilities */ = {
			isa = PBXGroup;
			children = (
			);
			path = Utilities;
			sourceTree = "<group>";
		};
		0984E6872FA469980017C327 /* ViewModels */ = {
			isa = PBXGroup;
			children = (
			);
			path = ViewModels;
			sourceTree = "<group>";
		};
		0984E6922FA469980017C327 /* Views */ = {
			isa = PBXGroup;
			children = (
				0984E6882FA469980017C327 /* Components.swift */,
				0984E6892FA469980017C327 /* ContentView.swift */,
				0984E68A2FA469980017C327 /* FileImportView.swift */,
				0984E68B2FA469980017C327 /* KeyPointsView.swift */,
				0984E68C2FA469980017C327 /* LLMSettingsView.swift */,
				0984E68D2FA469980017C327 /* MaterialDetailView.swift */,
				0984E68E2FA469980017C327 /* MaterialsListView.swift */,
				0984E68F2FA469980017C327 /* ReviewPlanView.swift */,
				0984E6902FA469980017C327 /* SettingsView.swift */,
				0984E6912FA469980017C327 /* StatisticsView.swift */,
			);
			path = Views;
			sourceTree = "<group>";
		};
		0984E6932FA469980017C327 /* Sources */ = {
			isa = PBXGroup;
			children = (
				0984E6792FA469980017C327 /* App */,
				0984E67D2FA469980017C327 /* Models */,
				0984E67E2FA469980017C327 /* Resources */,
				0984E6852FA469980017C327 /* Services */,
				0984E6862FA469980017C327 /* Utilities */,
				0984E6872FA469980017C327 /* ViewModels */,
				0984E6922FA469980017C327 /* Views */,
			);
			name = Sources;
			path = SmartNote/Sources;
			sourceTree = "<group>";
		};
		4170B0FF628D4B3A3AAF700C = {
			isa = PBXGroup;
			children = (
				0984E6752FA469960017C327 /* Resources */,
				0984E6932FA469980017C327 /* Sources */,
				DB91F87EFACDB75871C18F39 /* Products */,
			);
			sourceTree = "<group>";
		};
		DB91F87EFACDB75871C18F39 /* Products */ = {
			isa = PBXGroup;
			children = (
				48DD289F04C084C67319D15A /* SmartNote.app */,
			);
			name = Products;
			sourceTree = "<group>";
		};
/* End PBXGroup section */

/* Begin PBXNativeTarget section */
		C8D00250DE3F8808267908AE /* SmartNote */ = {
			isa = PBXNativeTarget;
			buildConfigurationList = EE219BC392A50F5ABFB7BF2A /* Build configuration list for PBXNativeTarget "SmartNote" */;
			buildPhases = (
				96FAD1BBB37DA395A1B99198 /* Sources */,
				8A74F8D00FE50169D217D754 /* Resources */,
			);
			buildRules = (
			);
			dependencies = (
			);
			name = SmartNote;
			packageProductDependencies = (
			);
			productName = SmartNote;
			productReference = 48DD289F04C084C67319D15A /* SmartNote.app */;
			productType = "com.apple.product-type.application";
		};
/* End PBXNativeTarget section */

/* Begin PBXProject section */
		2C1A81DFD445D6D2BC2EBC90 /* Project object */ = {
			isa = PBXProject;
			attributes = {
				BuildIndependentTargetsInParallel = YES;
				LastUpgradeCheck = 1500;
				TargetAttributes = {
					C8D00250DE3F8808267908AE = {
						ProvisioningStyle = Automatic;
					};
				};
			};
			buildConfigurationList = 9A48A5B4734D245FBBE0D7E7 /* Build configuration list for PBXProject "SmartNote" */;
			compatibilityVersion = "Xcode 14.0";
			developmentRegion = en;
			hasScannedForEncodings = 0;
			knownRegions = (
				Base,
				en,
			);
			mainGroup = 4170B0FF628D4B3A3AAF700C;
			minimizedProjectReferenceProxies = 1;
			projectDirPath = "";
			projectRoot = "";
			targets = (
				C8D00250DE3F8808267908AE /* SmartNote */,
			);
		};
/* End PBXProject section */

/* Begin PBXResourcesBuildPhase section */
		8A74F8D00FE50169D217D754 /* Resources */ = {
			isa = PBXResourcesBuildPhase;
			buildActionMask = 2147483647;
			files = (
				0984E6762FA469960017C327 /* Assets.xcassets in Resources */,
			);
			runOnlyForDeploymentPostprocessing = 0;
		};
/* End PBXResourcesBuildPhase section */

/* Begin PBXSourcesBuildPhase section */
		96FAD1BBB37DA395A1B99198 /* Sources */ = {
			isa = PBXSourcesBuildPhase;
			buildActionMask = 2147483647;
			files = (
				0984E6942FA469980017C327 /* AppState.swift in Sources */,
				0984E6952FA469980017C327 /* SmartNoteApp.swift in Sources */,
				0984E6962FA469980017C327 /* LLMConfiguration.swift in Sources */,
				0984E6972FA469980017C327 /* ReviewPlan.swift in Sources */,
				0984E6982FA469980017C327 /* StudyMaterial.swift in Sources */,
				0984E6992FA469980017C327 /* CalendarService.swift in Sources */,
				0984E69A2FA469980017C327 /* FileScannerService.swift in Sources */,
				0984E69B2FA469980017C327 /* KeywordExtractionService.swift in Sources */,
				0984E69C2FA469980017C327 /* LLMService.swift in Sources */,
				0984E69D2FA469980017C327 /* OCRService.swift in Sources */,
				0984E69E2FA469980017C327 /* StorageService.swift in Sources */,
				0984E69F2FA469980017C327 /* Components.swift in Sources */,
				0984E6A02FA469980017C327 /* ContentView.swift in Sources */,
				0984E6A12FA469980017C327 /* FileImportView.swift in Sources */,
				0984E6A22FA469980017C327 /* KeyPointsView.swift in Sources */,
				0984E6A32FA469980017C327 /* LLMSettingsView.swift in Sources */,
				0984E6A42FA469980017C327 /* MaterialDetailView.swift in Sources */,
				0984E6A52FA469980017C327 /* MaterialsListView.swift in Sources */,
				0984E6A62FA469980017C327 /* ReviewPlanView.swift in Sources */,
				0984E6A72FA469980017C327 /* SettingsView.swift in Sources */,
				0984E6A82FA469980017C327 /* StatisticsView.swift in Sources */,
			);
			runOnlyForDeploymentPostprocessing = 0;
		};
/* End PBXSourcesBuildPhase section */

/* Begin XCBuildConfiguration section */
		90B2348C3C5A9A44FA264BA9 /* Release */ = {
			isa = XCBuildConfiguration;
			buildSettings = {
				ALWAYS_SEARCH_USER_PATHS = NO;
				CLANG_ANALYZER_NONNULL = YES;
				CLANG_ANALYZER_NUMBER_OBJECT_CONVERSION = YES_AGGRESSIVE;
				CLANG_CXX_LANGUAGE_STANDARD = "gnu++14";
				CLANG_CXX_LIBRARY = "libc++";
				CLANG_ENABLE_MODULES = YES;
				CLANG_ENABLE_OBJC_ARC = YES;
				CLANG_ENABLE_OBJC_WEAK = YES;
				CLANG_WARN_BLOCK_CAPTURE_AUTORELEASING = YES;
				CLANG_WARN_BOOL_CONVERSION = YES;
				CLANG_WARN_COMMA = YES;
				CLANG_WARN_CONSTANT_CONVERSION = YES;
				CLANG_WARN_DEPRECATED_OBJC_IMPLEMENTATIONS = YES;
				CLANG_WARN_DIRECT_OBJC_ISA_USAGE = YES_ERROR;
				CLANG_WARN_DOCUMENTATION_COMMENTS = YES;
				CLANG_WARN_EMPTY_BODY = YES;
				CLANG_WARN_ENUM_CONVERSION = YES;
				CLANG_WARN_INFINITE_RECURSION = YES;
				CLANG_WARN_INT_CONVERSION = YES;
				CLANG_WARN_NON_LITERAL_NULL_CONVERSION = YES;
				CLANG_WARN_OBJC_IMPLICIT_RETAIN_SELF = YES;
				CLANG_WARN_OBJC_LITERAL_CONVERSION = YES;
				CLANG_WARN_OBJC_ROOT_CLASS = YES_ERROR;
				CLANG_WARN_QUOTED_INCLUDE_IN_FRAMEWORK_HEADER = YES;
				CLANG_WARN_RANGE_LOOP_ANALYSIS = YES;
				CLANG_WARN_STRICT_PROTOTYPES = YES;
				CLANG_WARN_SUSPICIOUS_MOVE = YES;
				CLANG_WARN_UNGUARDED_AVAILABILITY = YES_AGGRESSIVE;
				CLANG_WARN_UNREACHABLE_CODE = YES;
				CLANG_WARN__DUPLICATE_METHOD_MATCH = YES;
				CODE_SIGN_STYLE = Automatic;
				COMBINE_HIDPI_IMAGES = YES;
				COPY_PHASE_STRIP = NO;
				DEBUG_INFORMATION_FORMAT = "dwarf-with-dsym";
				ENABLE_HARDENED_RUNTIME = YES;
				ENABLE_NS_ASSERTIONS = NO;
				ENABLE_STRICT_OBJC_MSGSEND = YES;
				GCC_C_LANGUAGE_STANDARD = gnu11;
				GCC_NO_COMMON_BLOCKS = YES;
				GCC_WARN_64_TO_32_BIT_CONVERSION = YES;
				GCC_WARN_ABOUT_RETURN_TYPE = YES_ERROR;
				GCC_WARN_UNDECLARED_SELECTOR = YES;
				GCC_WARN_UNINITIALIZED_AUTOS = YES_AGGRESSIVE;
				GCC_WARN_UNUSED_FUNCTION = YES;
				GCC_WARN_UNUSED_VARIABLE = YES;
				MACOSX_DEPLOYMENT_TARGET = 13.0;
				MTL_ENABLE_DEBUG_INFO = NO;
				MTL_FAST_MATH = YES;
				PRODUCT_NAME = "$(TARGET_NAME)";
				SDKROOT = macosx;
				SWIFT_COMPILATION_MODE = wholemodule;
				SWIFT_OPTIMIZATION_LEVEL = "-O";
				SWIFT_VERSION = 5.9;
			};
			name = Release;
		};
		98274863390B31FB59972F46 /* Debug */ = {
			isa = XCBuildConfiguration;
			buildSettings = {
				ASSETCATALOG_COMPILER_APPICON_NAME = AppIcon;
				AUTOMATION_APPLE_EVENTS = YES;
				CODE_SIGN_ENTITLEMENTS = SmartNote/Resources/SmartNote.entitlements;
				COMBINE_HIDPI_IMAGES = YES;
				CURRENT_PROJECT_VERSION = 1;
				ENABLE_HARDENED_RUNTIME = YES;
				ENABLE_RESOURCE_ACCESS_AUDIO_INPUT = YES;
				ENABLE_RESOURCE_ACCESS_CALENDARS = NO;
				ENABLE_RESOURCE_ACCESS_CAMERA = YES;
				ENABLE_RESOURCE_ACCESS_CONTACTS = YES;
				ENABLE_RESOURCE_ACCESS_LOCATION = YES;
				ENABLE_RESOURCE_ACCESS_PHOTO_LIBRARY = YES;
				GENERATE_INFOPLIST_FILE = NO;
				INFOPLIST_FILE = SmartNote/Resources/Info.plist;
				LD_RUNPATH_SEARCH_PATHS = (
					"$(inherited)",
					"@executable_path/../Frameworks",
				);
				MARKETING_VERSION = 1.0.1;
				PRODUCT_BUNDLE_IDENTIFIER = com.smartnote.app;
				PRODUCT_NAME = SmartNote;
				RUNTIME_EXCEPTION_ALLOW_DYLD_ENVIRONMENT_VARIABLES = YES;
				RUNTIME_EXCEPTION_ALLOW_JIT = YES;
				RUNTIME_EXCEPTION_ALLOW_UNSIGNED_EXECUTABLE_MEMORY = YES;
				RUNTIME_EXCEPTION_DEBUGGING_TOOL = NO;
				RUNTIME_EXCEPTION_DISABLE_EXECUTABLE_PAGE_PROTECTION = YES;
				RUNTIME_EXCEPTION_DISABLE_LIBRARY_VALIDATION = YES;
				SDKROOT = macosx;
				SWIFT_EMIT_LOC_STRINGS = YES;
			};
			name = Debug;
		};
		B302FF9B02A5E993117D9FC0 /* Release */ = {
			isa = XCBuildConfiguration;
			buildSettings = {
				ASSETCATALOG_COMPILER_APPICON_NAME = AppIcon;
				AUTOMATION_APPLE_EVENTS = YES;
				CODE_SIGN_ENTITLEMENTS = SmartNote/Resources/SmartNote.entitlements;
				COMBINE_HIDPI_IMAGES = YES;
				CURRENT_PROJECT_VERSION = 1;
				ENABLE_HARDENED_RUNTIME = YES;
				ENABLE_RESOURCE_ACCESS_AUDIO_INPUT = YES;
				ENABLE_RESOURCE_ACCESS_CALENDARS = NO;
				ENABLE_RESOURCE_ACCESS_CAMERA = YES;
				ENABLE_RESOURCE_ACCESS_CONTACTS = YES;
				ENABLE_RESOURCE_ACCESS_LOCATION = YES;
				ENABLE_RESOURCE_ACCESS_PHOTO_LIBRARY = YES;
				GENERATE_INFOPLIST_FILE = NO;
				INFOPLIST_FILE = SmartNote/Resources/Info.plist;
				LD_RUNPATH_SEARCH_PATHS = (
					"$(inherited)",
					"@executable_path/../Frameworks",
				);
				MARKETING_VERSION = 1.0.1;
				PRODUCT_BUNDLE_IDENTIFIER = com.smartnote.app;
				PRODUCT_NAME = SmartNote;
				RUNTIME_EXCEPTION_ALLOW_DYLD_ENVIRONMENT_VARIABLES = YES;
				RUNTIME_EXCEPTION_ALLOW_JIT = YES;
				RUNTIME_EXCEPTION_ALLOW_UNSIGNED_EXECUTABLE_MEMORY = YES;
				RUNTIME_EXCEPTION_DEBUGGING_TOOL = NO;
				RUNTIME_EXCEPTION_DISABLE_EXECUTABLE_PAGE_PROTECTION = YES;
				RUNTIME_EXCEPTION_DISABLE_LIBRARY_VALIDATION = YES;
				SDKROOT = macosx;
				SWIFT_EMIT_LOC_STRINGS = YES;
			};
			name = Release;
		};
		EA80C529DCAA694AE907B1C9 /* Debug */ = {
			isa = XCBuildConfiguration;
			buildSettings = {
				ALWAYS_SEARCH_USER_PATHS = NO;
				CLANG_ANALYZER_NONNULL = YES;
				CLANG_ANALYZER_NUMBER_OBJECT_CONVERSION = YES_AGGRESSIVE;
				CLANG_CXX_LANGUAGE_STANDARD = "gnu++14";
				CLANG_CXX_LIBRARY = "libc++";
				CLANG_ENABLE_MODULES = YES;
				CLANG_ENABLE_OBJC_ARC = YES;
				CLANG_ENABLE_OBJC_WEAK = YES;
				CLANG_WARN_BLOCK_CAPTURE_AUTORELEASING = YES;
				CLANG_WARN_BOOL_CONVERSION = YES;
				CLANG_WARN_COMMA = YES;
				CLANG_WARN_CONSTANT_CONVERSION = YES;
				CLANG_WARN_DEPRECATED_OBJC_IMPLEMENTATIONS = YES;
				CLANG_WARN_DIRECT_OBJC_ISA_USAGE = YES_ERROR;
				CLANG_WARN_DOCUMENTATION_COMMENTS = YES;
				CLANG_WARN_EMPTY_BODY = YES;
				CLANG_WARN_ENUM_CONVERSION = YES;
				CLANG_WARN_INFINITE_RECURSION = YES;
				CLANG_WARN_INT_CONVERSION = YES;
				CLANG_WARN_NON_LITERAL_NULL_CONVERSION = YES;
				CLANG_WARN_OBJC_IMPLICIT_RETAIN_SELF = YES;
				CLANG_WARN_OBJC_LITERAL_CONVERSION = YES;
				CLANG_WARN_OBJC_ROOT_CLASS = YES_ERROR;
				CLANG_WARN_QUOTED_INCLUDE_IN_FRAMEWORK_HEADER = YES;
				CLANG_WARN_RANGE_LOOP_ANALYSIS = YES;
				CLANG_WARN_STRICT_PROTOTYPES = YES;
				CLANG_WARN_SUSPICIOUS_MOVE = YES;
				CLANG_WARN_UNGUARDED_AVAILABILITY = YES_AGGRESSIVE;
				CLANG_WARN_UNREACHABLE_CODE = YES;
				CLANG_WARN__DUPLICATE_METHOD_MATCH = YES;
				CODE_SIGN_STYLE = Automatic;
				COMBINE_HIDPI_IMAGES = YES;
				COPY_PHASE_STRIP = NO;
				DEBUG_INFORMATION_FORMAT = dwarf;
				ENABLE_HARDENED_RUNTIME = YES;
				ENABLE_STRICT_OBJC_MSGSEND = YES;
				ENABLE_TESTABILITY = YES;
				GCC_C_LANGUAGE_STANDARD = gnu11;
				GCC_DYNAMIC_NO_PIC = NO;
				GCC_NO_COMMON_BLOCKS = YES;
				GCC_OPTIMIZATION_LEVEL = 0;
				GCC_PREPROCESSOR_DEFINITIONS = (
					"$(inherited)",
					"DEBUG=1",
				);
				GCC_WARN_64_TO_32_BIT_CONVERSION = YES;
				GCC_WARN_ABOUT_RETURN_TYPE = YES_ERROR;
				GCC_WARN_UNDECLARED_SELECTOR = YES;
				GCC_WARN_UNINITIALIZED_AUTOS = YES_AGGRESSIVE;
				GCC_WARN_UNUSED_FUNCTION = YES;
				GCC_WARN_UNUSED_VARIABLE = YES;
				MACOSX_DEPLOYMENT_TARGET = 13.0;
				MTL_ENABLE_DEBUG_INFO = INCLUDE_SOURCE;
				MTL_FAST_MATH = YES;
				ONLY_ACTIVE_ARCH = YES;
				PRODUCT_NAME = "$(TARGET_NAME)";
				SDKROOT = macosx;
				SWIFT_ACTIVE_COMPILATION_CONDITIONS = DEBUG;
				SWIFT_OPTIMIZATION_LEVEL = "-Onone";
				SWIFT_VERSION = 5.9;
			};
			name = Debug;
		};
/* End XCBuildConfiguration section */

/* Begin XCConfigurationList section */
		9A48A5B4734D245FBBE0D7E7 /* Build configuration list for PBXProject "SmartNote" */ = {
			isa = XCConfigurationList;
			buildConfigurations = (
				EA80C529DCAA694AE907B1C9 /* Debug */,
				90B2348C3C5A9A44FA264BA9 /* Release */,
			);
			defaultConfigurationIsVisible = 0;
			defaultConfigurationName = Debug;
		};
		EE219BC392A50F5ABFB7BF2A /* Build configuration list for PBXNativeTarget "SmartNote" */ = {
			isa = XCConfigurationList;
			buildConfigurations = (
				98274863390B31FB59972F46 /* Debug */,
				B302FF9B02A5E993117D9FC0 /* Release */,
			);
			defaultConfigurationIsVisible = 0;
			defaultConfigurationName = Debug;
		};
/* End XCConfigurationList section */
	};
	rootObject = 2C1A81DFD445D6D2BC2EBC90 /* Project object */;
}
