// !$*UTF8*$!
{
	archiveVersion = 1;
	classes = {
	};
	objectVersion = 63;
	objects = {

/* Begin PBXBuildFile section */
		01278A3F060B847D549DDE83 /* LLMSettingsView.swift in Sources */ = {isa = PBXBuildFile; fileRef = F332C2BF2D9E8D571CB00EFA /* LLMSettingsView.swift */; };
		06DDF901E2848FD484DD0C57 /* FocusModeService.swift in Sources */ = {isa = PBXBuildFile; fileRef = EC170FA87CD834A81E9A4CC8 /* FocusModeService.swift */; };
		0CB88EC66EFF82034EC22064 /* P2PService.swift in Sources */ = {isa = PBXBuildFile; fileRef = 35933360A6AA6EE2A69BEFD4 /* P2PService.swift */; };
		137C3BB73D6E4E4BBFCBFD50 /* DuplicateScannerView.swift in Sources */ = {isa = PBXBuildFile; fileRef = 84839B0FC350C553762798B0 /* DuplicateScannerView.swift */; };
		268DDF1724C0158B44778F82 /* DiaryEncryptionService.swift in Sources */ = {isa = PBXBuildFile; fileRef = 677C192800FE87ECC35092EC /* DiaryEncryptionService.swift */; };
		26E36D156DF354C79863FC60 /* WhiteBoardView.swift in Sources */ = {isa = PBXBuildFile; fileRef = 5FF0F9399D305DF370C71A6C /* WhiteBoardView.swift */; };
		2F98FE09BB19688189632973 /* StudyMaterial.swift in Sources */ = {isa = PBXBuildFile; fileRef = D54F87F628B7AE589BEFF23D /* StudyMaterial.swift */; };
		329452853E950533BAE8A7C3 /* PomodoroTimer.swift in Sources */ = {isa = PBXBuildFile; fileRef = 52DB2C22BCC415B73BF84A48 /* PomodoroTimer.swift */; };
		34D9205B28A70BBE00763929 /* FlashCard.swift in Sources */ = {isa = PBXBuildFile; fileRef = E16F5008A6E6C57E3DCF9CC0 /* FlashCard.swift */; };
		36972F90F0E8E74A9A18AD47 /* WrongQuestion.swift in Sources */ = {isa = PBXBuildFile; fileRef = 83D3416A6F06F0A71B9E8C68 /* WrongQuestion.swift */; };
		3892090038E102693EDA7002 /* MarkdownView.swift in Sources */ = {isa = PBXBuildFile; fileRef = 1B1163580FC0527F161967C0 /* MarkdownView.swift */; };
		38F0C9833BC554FEC874B39C /* LearningAnalysisService.swift in Sources */ = {isa = PBXBuildFile; fileRef = EDECE7F741B10883BAD49248 /* LearningAnalysisService.swift */; };
		41B61849E433C92F3630126A /* LLMConfiguration.swift in Sources */ = {isa = PBXBuildFile; fileRef = BEF8E19044ACFD37E7466B8F /* LLMConfiguration.swift */; };
		46304E5700729E5A7EA51398 /* StatisticsView.swift in Sources */ = {isa = PBXBuildFile; fileRef = D249E5C4EC6332AE451B8016 /* StatisticsView.swift */; };
		560180335971D299A12416BE /* ReviewPlan.swift in Sources */ = {isa = PBXBuildFile; fileRef = C7882398FAA6EDA889F8A4A6 /* ReviewPlan.swift */; };
		574B9D96A352982436D54469 /* AppState.swift in Sources */ = {isa = PBXBuildFile; fileRef = 70EA20C8E3AFF5E8F5780261 /* AppState.swift */; };
		5A11D0F9260737C7E1A00140 /* PDFService.swift in Sources */ = {isa = PBXBuildFile; fileRef = EE1E56D223E7A85D761A70BA /* PDFService.swift */; };
		5C108930AB66F5F867A1918B /* KeywordExtractionService.swift in Sources */ = {isa = PBXBuildFile; fileRef = C1CBA1BA3BF23D2680740DCD /* KeywordExtractionService.swift */; };
		65F6A70AAF8886E06BCA9D7C /* Assets.xcassets in Resources */ = {isa = PBXBuildFile; fileRef = 0E57E6AD3AF6399A1E7F4E50 /* Assets.xcassets */; };
		66B59954535C5BF449686A57 /* DiaryListView.swift in Sources */ = {isa = PBXBuildFile; fileRef = F8D8BD98EC7FF3BD5FD28E14 /* DiaryListView.swift */; };
		67621F51E84AAAA8AB0E2627 /* ContentView.swift in Sources */ = {isa = PBXBuildFile; fileRef = 5B8C1B44A2A61CA79BD48879 /* ContentView.swift */; };
		6BEAC51EFE84A910F12692E9 /* CalendarService.swift in Sources */ = {isa = PBXBuildFile; fileRef = D50C4DEA6DDBE484CB505052 /* CalendarService.swift */; };
		719E56A223EC013911943F9E /* P2PCryptoService.swift in Sources */ = {isa = PBXBuildFile; fileRef = 2A0C0B9F554192EC67B33B58 /* P2PCryptoService.swift */; };
		779CC755CC9ECB20892847C1 /* StatusBarView.swift in Sources */ = {isa = PBXBuildFile; fileRef = C6EE24BB16C4F533244DA72D /* StatusBarView.swift */; };
		7BBD0FACD5978D7ECF7703FE /* ExamCountdownView.swift in Sources */ = {isa = PBXBuildFile; fileRef = 20D77772B153256013321672 /* ExamCountdownView.swift */; };
		7E21801EB2DB6F679E2C20F0 /* StorageService.swift in Sources */ = {isa = PBXBuildFile; fileRef = 12987FCC65DCD2D306F5CCB3 /* StorageService.swift */; };
		7E55A9BF32BD91003C73C3D6 /* KeyPointsView.swift in Sources */ = {isa = PBXBuildFile; fileRef = 92C67150FE8E22E2AEAC4C82 /* KeyPointsView.swift */; };
		83C6C4978B69312028ECEAE9 /* SpeechService.swift in Sources */ = {isa = PBXBuildFile; fileRef = 3157E15A32FE4D1A505F6ED5 /* SpeechService.swift */; };
		86654172C280D417E594730D /* MaterialsListView.swift in Sources */ = {isa = PBXBuildFile; fileRef = 75B7484EF8E90D3649A6A5FA /* MaterialsListView.swift */; };
		89E322B839246189D7DC2772 /* DiaryService.swift in Sources */ = {isa = PBXBuildFile; fileRef = AA0863EA110BC965E52DEF48 /* DiaryService.swift */; };
		8A18D613355C9D48767099C6 /* P2PCreateIdentityView.swift in Sources */ = {isa = PBXBuildFile; fileRef = FCE4AC128765C446DF922DCB /* P2PCreateIdentityView.swift */; };
		8C441C29A6D80A32A928C786 /* P2PSocialView.swift in Sources */ = {isa = PBXBuildFile; fileRef = 41D0E79C54C3F1A34CD32B6E /* P2PSocialView.swift */; };
		9212FED957EB7BE89CB44D96 /* Diary.swift in Sources */ = {isa = PBXBuildFile; fileRef = 63B827EA762FC4151DBAED5F /* Diary.swift */; };
		96E3AA1638583660A537C17C /* SmartNoteApp.swift in Sources */ = {isa = PBXBuildFile; fileRef = D5A56F3D9C89D292DF37A1E7 /* SmartNoteApp.swift */; };
		A04052BAA18BF67F53334614 /* PDFAnnotation.swift in Sources */ = {isa = PBXBuildFile; fileRef = 01B9E1AAB643D41A88EFF1E8 /* PDFAnnotation.swift */; };
		A6538E9AE726EB1B6A0A139A /* PDFAnnotationView.swift in Sources */ = {isa = PBXBuildFile; fileRef = E52D5CE99C2649DE472BDD06 /* PDFAnnotationView.swift */; };
		A83592B1242E65D43DD45C35 /* CreateMaterialView.swift in Sources */ = {isa = PBXBuildFile; fileRef = F4575EE9184B750B4B671582 /* CreateMaterialView.swift */; };
		A8DC49BD20C525E43FE77C09 /* DuplicateScanner.swift in Sources */ = {isa = PBXBuildFile; fileRef = 83656D0505253324AD314B29 /* DuplicateScanner.swift */; };
		AADD190F79B79514A050BD7B /* UserLearningProfile.swift in Sources */ = {isa = PBXBuildFile; fileRef = 183A64BA18C98E763E093D8C /* UserLearningProfile.swift */; };
		AF44A4684FCEFA9A9B8455E1 /* Markdown in Frameworks */ = {isa = PBXBuildFile; productRef = 44E819ACF011BFB1CBCEC366 /* Markdown */; };
		B1B05AFB264D51D621CB3350 /* SettingsView.swift in Sources */ = {isa = PBXBuildFile; fileRef = EC14ECD3A7BAB1809B071A70 /* SettingsView.swift */; };
		B3FEF150B1EA9E2B81679BB2 /* Components.swift in Sources */ = {isa = PBXBuildFile; fileRef = 9153CA3BAB1A98A91814C442 /* Components.swift */; };
		BB948A6D3AE4669685CE4F77 /* WrongQuestionView.swift in Sources */ = {isa = PBXBuildFile; fileRef = C2679F36366EF4AB15F14DAD /* WrongQuestionView.swift */; };
		BDE72A44A8EEA5D1556594A4 /* OCRService.swift in Sources */ = {isa = PBXBuildFile; fileRef = CCEEF4F30835C4BD18D390FD /* OCRService.swift */; };
		BFA43AC7E399FE8ADFB72357 /* P2PModels.swift in Sources */ = {isa = PBXBuildFile; fileRef = 095FA7C50DFB7734ED797E8D /* P2PModels.swift */; };
		C8E9BAE70F67DE4856F1BC45 /* P2PNetworkService.swift in Sources */ = {isa = PBXBuildFile; fileRef = 59AD75CCE073CFD5DDE5346A /* P2PNetworkService.swift */; };
		CB2E8527A33C99E031379221 /* P2PSettingsView.swift in Sources */ = {isa = PBXBuildFile; fileRef = BB8A0D5710EFF14D4DCAEDD9 /* P2PSettingsView.swift */; };
		CDCD8F44AA0129195F260CA0 /* FileScannerService.swift in Sources */ = {isa = PBXBuildFile; fileRef = 6800551BD3F4E594202A9C63 /* FileScannerService.swift */; };
		CFE3C567BC505E93A8FA5E4A /* P2PAddFriendView.swift in Sources */ = {isa = PBXBuildFile; fileRef = B9CD2DA9C12FD47108F0A6DC /* P2PAddFriendView.swift */; };
		D2CFCA396F589555E60DBF67 /* ExportService.swift in Sources */ = {isa = PBXBuildFile; fileRef = CB5EFEE65AEF8F68B4C6D2F6 /* ExportService.swift */; };
		D3AF9A33FA1E726319056CEC /* ExamCountdown.swift in Sources */ = {isa = PBXBuildFile; fileRef = BF69A8C2FBED9C695F7D3F91 /* ExamCountdown.swift */; };
		DB19809F6256C815578661E3 /* PomodoroView.swift in Sources */ = {isa = PBXBuildFile; fileRef = C4BC77FB3E08F3B092FDE4BA /* PomodoroView.swift */; };
		DF78E0D4DEF348AC424D73F2 /* SmartGradingView.swift in Sources */ = {isa = PBXBuildFile; fileRef = B9CD98BF6A753ECF9FE0480B /* SmartGradingView.swift */; };
		E38E22182C6E3505A22E7BCF /* MaterialDetailView.swift in Sources */ = {isa = PBXBuildFile; fileRef = FD1E5B0EE3EA703F874316BC /* MaterialDetailView.swift */; };
		E39EAC653B45C07DDD4D4ABE /* RelaxGameView.swift in Sources */ = {isa = PBXBuildFile; fileRef = 235D53B84549223D70F9128D /* RelaxGameView.swift */; };
		E5FE28187FFF047A3A7D2AFE /* FlowLayout.swift in Sources */ = {isa = PBXBuildFile; fileRef = 8589B9024F0431513B5331FE /* FlowLayout.swift */; };
		E6313AD984EC773F2474EF1D /* AIChatView.swift in Sources */ = {isa = PBXBuildFile; fileRef = A1BF99288F70ED636D3AAB01 /* AIChatView.swift */; };
		E80FE8723B16A857F3991A5D /* P2PChatView.swift in Sources */ = {isa = PBXBuildFile; fileRef = 3E90171FD20FC35D9B433345 /* P2PChatView.swift */; };
		ED76B8DD4128726DB1ECE13A /* ReviewPlanView.swift in Sources */ = {isa = PBXBuildFile; fileRef = B6D3227CDBCFE8A5C9B904F8 /* ReviewPlanView.swift */; };
		EE7E152B7390070BBD45661A /* DiaryEditorView.swift in Sources */ = {isa = PBXBuildFile; fileRef = F26CA084D90A23CA66459BF9 /* DiaryEditorView.swift */; };
		EF6FDF917407F1948B782F62 /* NotificationService.swift in Sources */ = {isa = PBXBuildFile; fileRef = 01A74D231E413B5F996B5308 /* NotificationService.swift */; };
		F50B5F6181F691E1DF61BDFA /* FlashCardView.swift in Sources */ = {isa = PBXBuildFile; fileRef = DB2A1ABC3F53C6BD569E7B9A /* FlashCardView.swift */; };
		F78AE3270A4A3B1DD86BEB27 /* LLMService.swift in Sources */ = {isa = PBXBuildFile; fileRef = F3552CF8976544956A158CCD /* LLMService.swift */; };
		FB568611ABDCD521EC8C1FC2 /* PDFAnnotationService.swift in Sources */ = {isa = PBXBuildFile; fileRef = 35417BC62B272D7F6B24E2C7 /* PDFAnnotationService.swift */; };
		FD26ECDCB88D37EA644DDA79 /* FileImportView.swift in Sources */ = {isa = PBXBuildFile; fileRef = 270C3E3C779EA0B469949129 /* FileImportView.swift */; };
		FF6F66BF60F7910C14210550 /* LearningProfileSettingsView.swift in Sources */ = {isa = PBXBuildFile; fileRef = 81E7459E7FE5DC39CDD074EA /* LearningProfileSettingsView.swift */; };
/* End PBXBuildFile section */

/* Begin PBXFileReference section */
		01A74D231E413B5F996B5308 /* NotificationService.swift */ = {isa = PBXFileReference; lastKnownFileType = sourcecode.swift; path = NotificationService.swift; sourceTree = "<group>"; };
		01B9E1AAB643D41A88EFF1E8 /* PDFAnnotation.swift */ = {isa = PBXFileReference; lastKnownFileType = sourcecode.swift; path = PDFAnnotation.swift; sourceTree = "<group>"; };
		095FA7C50DFB7734ED797E8D /* P2PModels.swift */ = {isa = PBXFileReference; lastKnownFileType = sourcecode.swift; path = P2PModels.swift; sourceTree = "<group>"; };
		0E57E6AD3AF6399A1E7F4E50 /* Assets.xcassets */ = {isa = PBXFileReference; lastKnownFileType = folder.assetcatalog; path = Assets.xcassets; sourceTree = "<group>"; };
		12987FCC65DCD2D306F5CCB3 /* StorageService.swift */ = {isa = PBXFileReference; lastKnownFileType = sourcecode.swift; path = StorageService.swift; sourceTree = "<group>"; };
		183A64BA18C98E763E093D8C /* UserLearningProfile.swift */ = {isa = PBXFileReference; lastKnownFileType = sourcecode.swift; path = UserLearningProfile.swift; sourceTree = "<group>"; };
		1B1163580FC0527F161967C0 /* MarkdownView.swift */ = {isa = PBXFileReference; lastKnownFileType = sourcecode.swift; path = MarkdownView.swift; sourceTree = "<group>"; };
		20D77772B153256013321672 /* ExamCountdownView.swift */ = {isa = PBXFileReference; lastKnownFileType = sourcecode.swift; path = ExamCountdownView.swift; sourceTree = "<group>"; };
		235D53B84549223D70F9128D /* RelaxGameView.swift */ = {isa = PBXFileReference; lastKnownFileType = sourcecode.swift; path = RelaxGameView.swift; sourceTree = "<group>"; };
		270C3E3C779EA0B469949129 /* FileImportView.swift */ = {isa = PBXFileReference; lastKnownFileType = sourcecode.swift; path = FileImportView.swift; sourceTree = "<group>"; };
		2A0C0B9F554192EC67B33B58 /* P2PCryptoService.swift */ = {isa = PBXFileReference; lastKnownFileType = sourcecode.swift; path = P2PCryptoService.swift; sourceTree = "<group>"; };
		3157E15A32FE4D1A505F6ED5 /* SpeechService.swift */ = {isa = PBXFileReference; lastKnownFileType = sourcecode.swift; path = SpeechService.swift; sourceTree = "<group>"; };
		35417BC62B272D7F6B24E2C7 /* PDFAnnotationService.swift */ = {isa = PBXFileReference; lastKnownFileType = sourcecode.swift; path = PDFAnnotationService.swift; sourceTree = "<group>"; };
		35933360A6AA6EE2A69BEFD4 /* P2PService.swift */ = {isa = PBXFileReference; lastKnownFileType = sourcecode.swift; path = P2PService.swift; sourceTree = "<group>"; };
		3E90171FD20FC35D9B433345 /* P2PChatView.swift */ = {isa = PBXFileReference; lastKnownFileType = sourcecode.swift; path = P2PChatView.swift; sourceTree = "<group>"; };
		41D0E79C54C3F1A34CD32B6E /* P2PSocialView.swift */ = {isa = PBXFileReference; lastKnownFileType = sourcecode.swift; path = P2PSocialView.swift; sourceTree = "<group>"; };
		48DD289F04C084C67319D15A /* SmartNote.app */ = {isa = PBXFileReference; explicitFileType = wrapper.application; includeInIndex = 0; path = SmartNote.app; sourceTree = BUILT_PRODUCTS_DIR; };
		52DB2C22BCC415B73BF84A48 /* PomodoroTimer.swift */ = {isa = PBXFileReference; lastKnownFileType = sourcecode.swift; path = PomodoroTimer.swift; sourceTree = "<group>"; };
		59AD75CCE073CFD5DDE5346A /* P2PNetworkService.swift */ = {isa = PBXFileReference; lastKnownFileType = sourcecode.swift; path = P2PNetworkService.swift; sourceTree = "<group>"; };
		5B8C1B44A2A61CA79BD48879 /* ContentView.swift */ = {isa = PBXFileReference; lastKnownFileType = sourcecode.swift; path = ContentView.swift; sourceTree = "<group>"; };
		5FF0F9399D305DF370C71A6C /* WhiteBoardView.swift */ = {isa = PBXFileReference; lastKnownFileType = sourcecode.swift; path = WhiteBoardView.swift; sourceTree = "<group>"; };
		63B827EA762FC4151DBAED5F /* Diary.swift */ = {isa = PBXFileReference; lastKnownFileType = sourcecode.swift; path = Diary.swift; sourceTree = "<group>"; };
		677C192800FE87ECC35092EC /* DiaryEncryptionService.swift */ = {isa = PBXFileReference; lastKnownFileType = sourcecode.swift; path = DiaryEncryptionService.swift; sourceTree = "<group>"; };
		6800551BD3F4E594202A9C63 /* FileScannerService.swift */ = {isa = PBXFileReference; lastKnownFileType = sourcecode.swift; path = FileScannerService.swift; sourceTree = "<group>"; };
		70EA20C8E3AFF5E8F5780261 /* AppState.swift */ = {isa = PBXFileReference; lastKnownFileType = sourcecode.swift; path = AppState.swift; sourceTree = "<group>"; };
		73DA60CFB77A276CCCB9BCD1 /* SmartNote.entitlements */ = {isa = PBXFileReference; lastKnownFileType = text.plist.entitlements; path = SmartNote.entitlements; sourceTree = "<group>"; };
		75B7484EF8E90D3649A6A5FA /* MaterialsListView.swift */ = {isa = PBXFileReference; lastKnownFileType = sourcecode.swift; path = MaterialsListView.swift; sourceTree = "<group>"; };
		81E7459E7FE5DC39CDD074EA /* LearningProfileSettingsView.swift */ = {isa = PBXFileReference; lastKnownFileType = sourcecode.swift; path = LearningProfileSettingsView.swift; sourceTree = "<group>"; };
		83656D0505253324AD314B29 /* DuplicateScanner.swift */ = {isa = PBXFileReference; lastKnownFileType = sourcecode.swift; path = DuplicateScanner.swift; sourceTree = "<group>"; };
		83D3416A6F06F0A71B9E8C68 /* WrongQuestion.swift */ = {isa = PBXFileReference; lastKnownFileType = sourcecode.swift; path = WrongQuestion.swift; sourceTree = "<group>"; };
		84839B0FC350C553762798B0 /* DuplicateScannerView.swift */ = {isa = PBXFileReference; lastKnownFileType = sourcecode.swift; path = DuplicateScannerView.swift; sourceTree = "<group>"; };
		8589B9024F0431513B5331FE /* FlowLayout.swift */ = {isa = PBXFileReference; lastKnownFileType = sourcecode.swift; path = FlowLayout.swift; sourceTree = "<group>"; };
		9153CA3BAB1A98A91814C442 /* Components.swift */ = {isa = PBXFileReference; lastKnownFileType = sourcecode.swift; path = Components.swift; sourceTree = "<group>"; };
		92C67150FE8E22E2AEAC4C82 /* KeyPointsView.swift */ = {isa = PBXFileReference; lastKnownFileType = sourcecode.swift; path = KeyPointsView.swift; sourceTree = "<group>"; };
		A1BF99288F70ED636D3AAB01 /* AIChatView.swift */ = {isa = PBXFileReference; lastKnownFileType = sourcecode.swift; path = AIChatView.swift; sourceTree = "<group>"; };
		AA0863EA110BC965E52DEF48 /* DiaryService.swift */ = {isa = PBXFileReference; lastKnownFileType = sourcecode.swift; path = DiaryService.swift; sourceTree = "<group>"; };
		B6D3227CDBCFE8A5C9B904F8 /* ReviewPlanView.swift */ = {isa = PBXFileReference; lastKnownFileType = sourcecode.swift; path = ReviewPlanView.swift; sourceTree = "<group>"; };
		B9CD2DA9C12FD47108F0A6DC /* P2PAddFriendView.swift */ = {isa = PBXFileReference; lastKnownFileType = sourcecode.swift; path = P2PAddFriendView.swift; sourceTree = "<group>"; };
		B9CD98BF6A753ECF9FE0480B /* SmartGradingView.swift */ = {isa = PBXFileReference; lastKnownFileType = sourcecode.swift; path = SmartGradingView.swift; sourceTree = "<group>"; };
		BB8A0D5710EFF14D4DCAEDD9 /* P2PSettingsView.swift */ = {isa = PBXFileReference; lastKnownFileType = sourcecode.swift; path = P2PSettingsView.swift; sourceTree = "<group>"; };
		BEF8E19044ACFD37E7466B8F /* LLMConfiguration.swift */ = {isa = PBXFileReference; lastKnownFileType = sourcecode.swift; path = LLMConfiguration.swift; sourceTree = "<group>"; };
		BF69A8C2FBED9C695F7D3F91 /* ExamCountdown.swift */ = {isa = PBXFileReference; lastKnownFileType = sourcecode.swift; path = ExamCountdown.swift; sourceTree = "<group>"; };
		C1CBA1BA3BF23D2680740DCD /* KeywordExtractionService.swift */ = {isa = PBXFileReference; lastKnownFileType = sourcecode.swift; path = KeywordExtractionService.swift; sourceTree = "<group>"; };
		C2679F36366EF4AB15F14DAD /* WrongQuestionView.swift */ = {isa = PBXFileReference; lastKnownFileType = sourcecode.swift; path = WrongQuestionView.swift; sourceTree = "<group>"; };
		C4BC77FB3E08F3B092FDE4BA /* PomodoroView.swift */ = {isa = PBXFileReference; lastKnownFileType = sourcecode.swift; path = PomodoroView.swift; sourceTree = "<group>"; };
		C6EE24BB16C4F533244DA72D /* StatusBarView.swift */ = {isa = PBXFileReference; lastKnownFileType = sourcecode.swift; path = StatusBarView.swift; sourceTree = "<group>"; };
		C7882398FAA6EDA889F8A4A6 /* ReviewPlan.swift */ = {isa = PBXFileReference; lastKnownFileType = sourcecode.swift; path = ReviewPlan.swift; sourceTree = "<group>"; };
		CB5EFEE65AEF8F68B4C6D2F6 /* ExportService.swift */ = {isa = PBXFileReference; lastKnownFileType = sourcecode.swift; path = ExportService.swift; sourceTree = "<group>"; };
		CCEEF4F30835C4BD18D390FD /* OCRService.swift */ = {isa = PBXFileReference; lastKnownFileType = sourcecode.swift; path = OCRService.swift; sourceTree = "<group>"; };
		CD313CBF3D39729DE87A2BD7 /* Info.plist */ = {isa = PBXFileReference; lastKnownFileType = text.plist; path = Info.plist; sourceTree = "<group>"; };
		D249E5C4EC6332AE451B8016 /* StatisticsView.swift */ = {isa = PBXFileReference; lastKnownFileType = sourcecode.swift; path = StatisticsView.swift; sourceTree = "<group>"; };
		D50C4DEA6DDBE484CB505052 /* CalendarService.swift */ = {isa = PBXFileReference; lastKnownFileType = sourcecode.swift; path = CalendarService.swift; sourceTree = "<group>"; };
		D54F87F628B7AE589BEFF23D /* StudyMaterial.swift */ = {isa = PBXFileReference; lastKnownFileType = sourcecode.swift; path = StudyMaterial.swift; sourceTree = "<group>"; };
		D5A56F3D9C89D292DF37A1E7 /* SmartNoteApp.swift */ = {isa = PBXFileReference; lastKnownFileType = sourcecode.swift; path = SmartNoteApp.swift; sourceTree = "<group>"; };
		DB2A1ABC3F53C6BD569E7B9A /* FlashCardView.swift */ = {isa = PBXFileReference; lastKnownFileType = sourcecode.swift; path = FlashCardView.swift; sourceTree = "<group>"; };
		E16F5008A6E6C57E3DCF9CC0 /* FlashCard.swift */ = {isa = PBXFileReference; lastKnownFileType = sourcecode.swift; path = FlashCard.swift; sourceTree = "<group>"; };
		E52D5CE99C2649DE472BDD06 /* PDFAnnotationView.swift */ = {isa = PBXFileReference; lastKnownFileType = sourcecode.swift; path = PDFAnnotationView.swift; sourceTree = "<group>"; };
		EC14ECD3A7BAB1809B071A70 /* SettingsView.swift */ = {isa = PBXFileReference; lastKnownFileType = sourcecode.swift; path = SettingsView.swift; sourceTree = "<group>"; };
		EC170FA87CD834A81E9A4CC8 /* FocusModeService.swift */ = {isa = PBXFileReference; lastKnownFileType = sourcecode.swift; path = FocusModeService.swift; sourceTree = "<group>"; };
		EDECE7F741B10883BAD49248 /* LearningAnalysisService.swift */ = {isa = PBXFileReference; lastKnownFileType = sourcecode.swift; path = LearningAnalysisService.swift; sourceTree = "<group>"; };
		EE1E56D223E7A85D761A70BA /* PDFService.swift */ = {isa = PBXFileReference; lastKnownFileType = sourcecode.swift; path = PDFService.swift; sourceTree = "<group>"; };
		F26CA084D90A23CA66459BF9 /* DiaryEditorView.swift */ = {isa = PBXFileReference; lastKnownFileType = sourcecode.swift; path = DiaryEditorView.swift; sourceTree = "<group>"; };
		F332C2BF2D9E8D571CB00EFA /* LLMSettingsView.swift */ = {isa = PBXFileReference; lastKnownFileType = sourcecode.swift; path = LLMSettingsView.swift; sourceTree = "<group>"; };
		F3552CF8976544956A158CCD /* LLMService.swift */ = {isa = PBXFileReference; lastKnownFileType = sourcecode.swift; path = LLMService.swift; sourceTree = "<group>"; };
		F4575EE9184B750B4B671582 /* CreateMaterialView.swift */ = {isa = PBXFileReference; lastKnownFileType = sourcecode.swift; path = CreateMaterialView.swift; sourceTree = "<group>"; };
		F8D8BD98EC7FF3BD5FD28E14 /* DiaryListView.swift */ = {isa = PBXFileReference; lastKnownFileType = sourcecode.swift; path = DiaryListView.swift; sourceTree = "<group>"; };
		FCE4AC128765C446DF922DCB /* P2PCreateIdentityView.swift */ = {isa = PBXFileReference; lastKnownFileType = sourcecode.swift; path = P2PCreateIdentityView.swift; sourceTree = "<group>"; };
		FD1E5B0EE3EA703F874316BC /* MaterialDetailView.swift */ = {isa = PBXFileReference; lastKnownFileType = sourcecode.swift; path = MaterialDetailView.swift; sourceTree = "<group>"; };
/* End PBXFileReference section */

/* Begin PBXFrameworksBuildPhase section */
		9DDBE89D2182D0A082AB83D5 /* Frameworks */ = {
			isa = PBXFrameworksBuildPhase;
			buildActionMask = 2147483647;
			files = (
				AF44A4684FCEFA9A9B8455E1 /* Markdown in Frameworks */,
			);
			runOnlyForDeploymentPostprocessing = 0;
		};
/* End PBXFrameworksBuildPhase section */

/* Begin PBXGroup section */
		27539AF4A4F7E9D89EFA5157 /* Social */ = {
			isa = PBXGroup;
			children = (
			);
			path = Social;
			sourceTree = "<group>";
		};
		3A93B78F5AF552263BD3B9E7 /* Utilities */ = {
			isa = PBXGroup;
			children = (
				8589B9024F0431513B5331FE /* FlowLayout.swift */,
			);
			path = Utilities;
			sourceTree = "<group>";
		};
		4170B0FF628D4B3A3AAF700C = {
			isa = PBXGroup;
			children = (
				57AC357A7B13540BFBB84A46 /* Resources */,
				F7263EA545A13A0DDBD355EB /* Sources */,
				DB91F87EFACDB75871C18F39 /* Products */,
			);
			sourceTree = "<group>";
		};
		4220C5F35312321F9172435A /* Resources */ = {
			isa = PBXGroup;
			children = (
			);
			path = Resources;
			sourceTree = "<group>";
		};
		57AC357A7B13540BFBB84A46 /* Resources */ = {
			isa = PBXGroup;
			children = (
				0E57E6AD3AF6399A1E7F4E50 /* Assets.xcassets */,
				CD313CBF3D39729DE87A2BD7 /* Info.plist */,
				73DA60CFB77A276CCCB9BCD1 /* SmartNote.entitlements */,
			);
			name = Resources;
			path = SmartNote/Resources;
			sourceTree = "<group>";
		};
		587C09E74F9FBADEAE05595B /* Services */ = {
			isa = PBXGroup;
			children = (
				D50C4DEA6DDBE484CB505052 /* CalendarService.swift */,
				677C192800FE87ECC35092EC /* DiaryEncryptionService.swift */,
				AA0863EA110BC965E52DEF48 /* DiaryService.swift */,
				83656D0505253324AD314B29 /* DuplicateScanner.swift */,
				CB5EFEE65AEF8F68B4C6D2F6 /* ExportService.swift */,
				6800551BD3F4E594202A9C63 /* FileScannerService.swift */,
				EC170FA87CD834A81E9A4CC8 /* FocusModeService.swift */,
				C1CBA1BA3BF23D2680740DCD /* KeywordExtractionService.swift */,
				EDECE7F741B10883BAD49248 /* LearningAnalysisService.swift */,
				F3552CF8976544956A158CCD /* LLMService.swift */,
				01A74D231E413B5F996B5308 /* NotificationService.swift */,
				CCEEF4F30835C4BD18D390FD /* OCRService.swift */,
				2A0C0B9F554192EC67B33B58 /* P2PCryptoService.swift */,
				59AD75CCE073CFD5DDE5346A /* P2PNetworkService.swift */,
				35933360A6AA6EE2A69BEFD4 /* P2PService.swift */,
				35417BC62B272D7F6B24E2C7 /* PDFAnnotationService.swift */,
				EE1E56D223E7A85D761A70BA /* PDFService.swift */,
				52DB2C22BCC415B73BF84A48 /* PomodoroTimer.swift */,
				3157E15A32FE4D1A505F6ED5 /* SpeechService.swift */,
				12987FCC65DCD2D306F5CCB3 /* StorageService.swift */,
			);
			path = Services;
			sourceTree = "<group>";
		};
		990A293B192AAFEA630CDDEE /* App */ = {
			isa = PBXGroup;
			children = (
				70EA20C8E3AFF5E8F5780261 /* AppState.swift */,
				D5A56F3D9C89D292DF37A1E7 /* SmartNoteApp.swift */,
			);
			path = App;
			sourceTree = "<group>";
		};
		9EF6D7053E59CF52471DECEF /* ViewModels */ = {
			isa = PBXGroup;
			children = (
			);
			path = ViewModels;
			sourceTree = "<group>";
		};
		B4A11BED40BD925606DCADF7 /* Views */ = {
			isa = PBXGroup;
			children = (
				A1BF99288F70ED636D3AAB01 /* AIChatView.swift */,
				9153CA3BAB1A98A91814C442 /* Components.swift */,
				5B8C1B44A2A61CA79BD48879 /* ContentView.swift */,
				F4575EE9184B750B4B671582 /* CreateMaterialView.swift */,
				F26CA084D90A23CA66459BF9 /* DiaryEditorView.swift */,
				F8D8BD98EC7FF3BD5FD28E14 /* DiaryListView.swift */,
				84839B0FC350C553762798B0 /* DuplicateScannerView.swift */,
				20D77772B153256013321672 /* ExamCountdownView.swift */,
				270C3E3C779EA0B469949129 /* FileImportView.swift */,
				DB2A1ABC3F53C6BD569E7B9A /* FlashCardView.swift */,
				92C67150FE8E22E2AEAC4C82 /* KeyPointsView.swift */,
				81E7459E7FE5DC39CDD074EA /* LearningProfileSettingsView.swift */,
				F332C2BF2D9E8D571CB00EFA /* LLMSettingsView.swift */,
				FD1E5B0EE3EA703F874316BC /* MaterialDetailView.swift */,
				75B7484EF8E90D3649A6A5FA /* MaterialsListView.swift */,
				B9CD2DA9C12FD47108F0A6DC /* P2PAddFriendView.swift */,
				3E90171FD20FC35D9B433345 /* P2PChatView.swift */,
				FCE4AC128765C446DF922DCB /* P2PCreateIdentityView.swift */,
				BB8A0D5710EFF14D4DCAEDD9 /* P2PSettingsView.swift */,
				41D0E79C54C3F1A34CD32B6E /* P2PSocialView.swift */,
				E52D5CE99C2649DE472BDD06 /* PDFAnnotationView.swift */,
				C4BC77FB3E08F3B092FDE4BA /* PomodoroView.swift */,
				235D53B84549223D70F9128D /* RelaxGameView.swift */,
				B6D3227CDBCFE8A5C9B904F8 /* ReviewPlanView.swift */,
				EC14ECD3A7BAB1809B071A70 /* SettingsView.swift */,
				B9CD98BF6A753ECF9FE0480B /* SmartGradingView.swift */,
				D249E5C4EC6332AE451B8016 /* StatisticsView.swift */,
				C6EE24BB16C4F533244DA72D /* StatusBarView.swift */,
				5FF0F9399D305DF370C71A6C /* WhiteBoardView.swift */,
				C2679F36366EF4AB15F14DAD /* WrongQuestionView.swift */,
				C96737D8EEF3BD72484731DB /* Components */,
				27539AF4A4F7E9D89EFA5157 /* Social */,
			);
			path = Views;
			sourceTree = "<group>";
		};
		C96737D8EEF3BD72484731DB /* Components */ = {
			isa = PBXGroup;
			children = (
				1B1163580FC0527F161967C0 /* MarkdownView.swift */,
			);
			path = Components;
			sourceTree = "<group>";
		};
		D80D46B42349BDAF46B8AD46 /* Models */ = {
			isa = PBXGroup;
			children = (
				63B827EA762FC4151DBAED5F /* Diary.swift */,
				BF69A8C2FBED9C695F7D3F91 /* ExamCountdown.swift */,
				E16F5008A6E6C57E3DCF9CC0 /* FlashCard.swift */,
				BEF8E19044ACFD37E7466B8F /* LLMConfiguration.swift */,
				095FA7C50DFB7734ED797E8D /* P2PModels.swift */,
				01B9E1AAB643D41A88EFF1E8 /* PDFAnnotation.swift */,
				C7882398FAA6EDA889F8A4A6 /* ReviewPlan.swift */,
				D54F87F628B7AE589BEFF23D /* StudyMaterial.swift */,
				183A64BA18C98E763E093D8C /* UserLearningProfile.swift */,
				83D3416A6F06F0A71B9E8C68 /* WrongQuestion.swift */,
			);
			path = Models;
			sourceTree = "<group>";
		};
		DB91F87EFACDB75871C18F39 /* Products */ = {
			isa = PBXGroup;
			children = (
				48DD289F04C084C67319D15A /* SmartNote.app */,
			);
			name = Products;
			sourceTree = "<group>";
		};
		F7263EA545A13A0DDBD355EB /* Sources */ = {
			isa = PBXGroup;
			children = (
				990A293B192AAFEA630CDDEE /* App */,
				D80D46B42349BDAF46B8AD46 /* Models */,
				4220C5F35312321F9172435A /* Resources */,
				587C09E74F9FBADEAE05595B /* Services */,
				3A93B78F5AF552263BD3B9E7 /* Utilities */,
				9EF6D7053E59CF52471DECEF /* ViewModels */,
				B4A11BED40BD925606DCADF7 /* Views */,
			);
			name = Sources;
			path = SmartNote/Sources;
			sourceTree = "<group>";
		};
/* End PBXGroup section */

/* Begin PBXNativeTarget section */
		C8D00250DE3F8808267908AE /* SmartNote */ = {
			isa = PBXNativeTarget;
			buildConfigurationList = EE219BC392A50F5ABFB7BF2A /* Build configuration list for PBXNativeTarget "SmartNote" */;
			buildPhases = (
				BA010ACED040B51996DFCA56 /* Copy Ciallo Web Files */,
				96FAD1BBB37DA395A1B99198 /* Sources */,
				8A74F8D00FE50169D217D754 /* Resources */,
				9DDBE89D2182D0A082AB83D5 /* Frameworks */,
			);
			buildRules = (
			);
			dependencies = (
			);
			name = SmartNote;
			packageProductDependencies = (
				44E819ACF011BFB1CBCEC366 /* Markdown */,
			);
			productName = SmartNote;
			productReference = 48DD289F04C084C67319D15A /* SmartNote.app */;
			productType = "com.apple.product-type.application";
		};
/* End PBXNativeTarget section */

/* Begin PBXProject section */
		2C1A81DFD445D6D2BC2EBC90 /* Project object */ = {
			isa = PBXProject;
			attributes = {
				BuildIndependentTargetsInParallel = YES;
				LastUpgradeCheck = 1500;
				TargetAttributes = {
					C8D00250DE3F8808267908AE = {
						ProvisioningStyle = Automatic;
					};
				};
			};
			buildConfigurationList = 9A48A5B4734D245FBBE0D7E7 /* Build configuration list for PBXProject "SmartNote" */;
			compatibilityVersion = "Xcode 14.0";
			developmentRegion = en;
			hasScannedForEncodings = 0;
			knownRegions = (
				Base,
				en,
			);
			mainGroup = 4170B0FF628D4B3A3AAF700C;
			minimizedProjectReferenceProxies = 1;
			packageReferences = (
				CA9F344E819256EF08AB4AD4 /* XCRemoteSwiftPackageReference "swift-markdown" */,
			);
			projectDirPath = "";
			projectRoot = "";
			targets = (
				C8D00250DE3F8808267908AE /* SmartNote */,
			);
		};
/* End PBXProject section */

/* Begin PBXResourcesBuildPhase section */
		8A74F8D00FE50169D217D754 /* Resources */ = {
			isa = PBXResourcesBuildPhase;
			buildActionMask = 2147483647;
			files = (
				65F6A70AAF8886E06BCA9D7C /* Assets.xcassets in Resources */,
			);
			runOnlyForDeploymentPostprocessing = 0;
		};
/* End PBXResourcesBuildPhase section */

/* Begin PBXShellScriptBuildPhase section */
		BA010ACED040B51996DFCA56 /* Copy Ciallo Web Files */ = {
			isa = PBXShellScriptBuildPhase;
			buildActionMask = 2147483647;
			files = (
			);
			inputFileListPaths = (
			);
			inputPaths = (
			);
			name = "Copy Ciallo Web Files";
			outputFileListPaths = (
			);
			outputPaths = (
			);
			runOnlyForDeploymentPostprocessing = 0;
			shellPath = /bin/sh;
			shellScript = "echo \"Copying ciallo web files to app bundle...\"\nmkdir -p \"$TARGET_BUILD_DIR/$CONTENTS_FOLDER_PATH/Resources\"\ncp -R \"$SRCROOT/ciallo\" \"$TARGET_BUILD_DIR/$CONTENTS_FOLDER_PATH/Resources/\"\n";
		};
/* End PBXShellScriptBuildPhase section */

/* Begin PBXSourcesBuildPhase section */
		96FAD1BBB37DA395A1B99198 /* Sources */ = {
			isa = PBXSourcesBuildPhase;
			buildActionMask = 2147483647;
			files = (
				E6313AD984EC773F2474EF1D /* AIChatView.swift in Sources */,
				574B9D96A352982436D54469 /* AppState.swift in Sources */,
				6BEAC51EFE84A910F12692E9 /* CalendarService.swift in Sources */,
				B3FEF150B1EA9E2B81679BB2 /* Components.swift in Sources */,
				67621F51E84AAAA8AB0E2627 /* ContentView.swift in Sources */,
				A83592B1242E65D43DD45C35 /* CreateMaterialView.swift in Sources */,
				9212FED957EB7BE89CB44D96 /* Diary.swift in Sources */,
				EE7E152B7390070BBD45661A /* DiaryEditorView.swift in Sources */,
				268DDF1724C0158B44778F82 /* DiaryEncryptionService.swift in Sources */,
				66B59954535C5BF449686A57 /* DiaryListView.swift in Sources */,
				89E322B839246189D7DC2772 /* DiaryService.swift in Sources */,
				A8DC49BD20C525E43FE77C09 /* DuplicateScanner.swift in Sources */,
				137C3BB73D6E4E4BBFCBFD50 /* DuplicateScannerView.swift in Sources */,
				D3AF9A33FA1E726319056CEC /* ExamCountdown.swift in Sources */,
				7BBD0FACD5978D7ECF7703FE /* ExamCountdownView.swift in Sources */,
				D2CFCA396F589555E60DBF67 /* ExportService.swift in Sources */,
				FD26ECDCB88D37EA644DDA79 /* FileImportView.swift in Sources */,
				CDCD8F44AA0129195F260CA0 /* FileScannerService.swift in Sources */,
				34D9205B28A70BBE00763929 /* FlashCard.swift in Sources */,
				F50B5F6181F691E1DF61BDFA /* FlashCardView.swift in Sources */,
				E5FE28187FFF047A3A7D2AFE /* FlowLayout.swift in Sources */,
				06DDF901E2848FD484DD0C57 /* FocusModeService.swift in Sources */,
				7E55A9BF32BD91003C73C3D6 /* KeyPointsView.swift in Sources */,
				5C108930AB66F5F867A1918B /* KeywordExtractionService.swift in Sources */,
				41B61849E433C92F3630126A /* LLMConfiguration.swift in Sources */,
				F78AE3270A4A3B1DD86BEB27 /* LLMService.swift in Sources */,
				01278A3F060B847D549DDE83 /* LLMSettingsView.swift in Sources */,
				38F0C9833BC554FEC874B39C /* LearningAnalysisService.swift in Sources */,
				FF6F66BF60F7910C14210550 /* LearningProfileSettingsView.swift in Sources */,
				3892090038E102693EDA7002 /* MarkdownView.swift in Sources */,
				E38E22182C6E3505A22E7BCF /* MaterialDetailView.swift in Sources */,
				86654172C280D417E594730D /* MaterialsListView.swift in Sources */,
				EF6FDF917407F1948B782F62 /* NotificationService.swift in Sources */,
				BDE72A44A8EEA5D1556594A4 /* OCRService.swift in Sources */,
				CFE3C567BC505E93A8FA5E4A /* P2PAddFriendView.swift in Sources */,
				E80FE8723B16A857F3991A5D /* P2PChatView.swift in Sources */,
				8A18D613355C9D48767099C6 /* P2PCreateIdentityView.swift in Sources */,
				719E56A223EC013911943F9E /* P2PCryptoService.swift in Sources */,
				BFA43AC7E399FE8ADFB72357 /* P2PModels.swift in Sources */,
				C8E9BAE70F67DE4856F1BC45 /* P2PNetworkService.swift in Sources */,
				0CB88EC66EFF82034EC22064 /* P2PService.swift in Sources */,
				CB2E8527A33C99E031379221 /* P2PSettingsView.swift in Sources */,
				8C441C29A6D80A32A928C786 /* P2PSocialView.swift in Sources */,
				A04052BAA18BF67F53334614 /* PDFAnnotation.swift in Sources */,
				FB568611ABDCD521EC8C1FC2 /* PDFAnnotationService.swift in Sources */,
				A6538E9AE726EB1B6A0A139A /* PDFAnnotationView.swift in Sources */,
				5A11D0F9260737C7E1A00140 /* PDFService.swift in Sources */,
				329452853E950533BAE8A7C3 /* PomodoroTimer.swift in Sources */,
				DB19809F6256C815578661E3 /* PomodoroView.swift in Sources */,
				E39EAC653B45C07DDD4D4ABE /* RelaxGameView.swift in Sources */,
				560180335971D299A12416BE /* ReviewPlan.swift in Sources */,
				ED76B8DD4128726DB1ECE13A /* ReviewPlanView.swift in Sources */,
				B1B05AFB264D51D621CB3350 /* SettingsView.swift in Sources */,
				DF78E0D4DEF348AC424D73F2 /* SmartGradingView.swift in Sources */,
				96E3AA1638583660A537C17C /* SmartNoteApp.swift in Sources */,
				83C6C4978B69312028ECEAE9 /* SpeechService.swift in Sources */,
				46304E5700729E5A7EA51398 /* StatisticsView.swift in Sources */,
				779CC755CC9ECB20892847C1 /* StatusBarView.swift in Sources */,
				7E21801EB2DB6F679E2C20F0 /* StorageService.swift in Sources */,
				2F98FE09BB19688189632973 /* StudyMaterial.swift in Sources */,
				AADD190F79B79514A050BD7B /* UserLearningProfile.swift in Sources */,
				26E36D156DF354C79863FC60 /* WhiteBoardView.swift in Sources */,
				36972F90F0E8E74A9A18AD47 /* WrongQuestion.swift in Sources */,
				BB948A6D3AE4669685CE4F77 /* WrongQuestionView.swift in Sources */,
			);
			runOnlyForDeploymentPostprocessing = 0;
		};
/* End PBXSourcesBuildPhase section */

/* Begin XCBuildConfiguration section */
		90B2348C3C5A9A44FA264BA9 /* Release */ = {
			isa = XCBuildConfiguration;
			buildSettings = {
				ALWAYS_SEARCH_USER_PATHS = NO;
				CLANG_ANALYZER_NONNULL = YES;
				CLANG_ANALYZER_NUMBER_OBJECT_CONVERSION = YES_AGGRESSIVE;
				CLANG_CXX_LANGUAGE_STANDARD = "gnu++14";
				CLANG_CXX_LIBRARY = "libc++";
				CLANG_ENABLE_MODULES = YES;
				CLANG_ENABLE_OBJC_ARC = YES;
				CLANG_ENABLE_OBJC_WEAK = YES;
				CLANG_WARN_BLOCK_CAPTURE_AUTORELEASING = YES;
				CLANG_WARN_BOOL_CONVERSION = YES;
				CLANG_WARN_COMMA = YES;
				CLANG_WARN_CONSTANT_CONVERSION = YES;
				CLANG_WARN_DEPRECATED_OBJC_IMPLEMENTATIONS = YES;
				CLANG_WARN_DIRECT_OBJC_ISA_USAGE = YES_ERROR;
				CLANG_WARN_DOCUMENTATION_COMMENTS = YES;
				CLANG_WARN_EMPTY_BODY = YES;
				CLANG_WARN_ENUM_CONVERSION = YES;
				CLANG_WARN_INFINITE_RECURSION = YES;
				CLANG_WARN_INT_CONVERSION = YES;
				CLANG_WARN_NON_LITERAL_NULL_CONVERSION = YES;
				CLANG_WARN_OBJC_IMPLICIT_RETAIN_SELF = YES;
				CLANG_WARN_OBJC_LITERAL_CONVERSION = YES;
				CLANG_WARN_OBJC_ROOT_CLASS = YES_ERROR;
				CLANG_WARN_QUOTED_INCLUDE_IN_FRAMEWORK_HEADER = YES;
				CLANG_WARN_RANGE_LOOP_ANALYSIS = YES;
				CLANG_WARN_STRICT_PROTOTYPES = YES;
				CLANG_WARN_SUSPICIOUS_MOVE = YES;
				CLANG_WARN_UNGUARDED_AVAILABILITY = YES_AGGRESSIVE;
				CLANG_WARN_UNREACHABLE_CODE = YES;
				CLANG_WARN__DUPLICATE_METHOD_MATCH = YES;
				CODE_SIGN_STYLE = Automatic;
				COMBINE_HIDPI_IMAGES = YES;
				COPY_PHASE_STRIP = NO;
				DEBUG_INFORMATION_FORMAT = "dwarf-with-dsym";
				ENABLE_HARDENED_RUNTIME = YES;
				ENABLE_NS_ASSERTIONS = NO;
				ENABLE_STRICT_OBJC_MSGSEND = YES;
				GCC_C_LANGUAGE_STANDARD = gnu11;
				GCC_NO_COMMON_BLOCKS = YES;
				GCC_WARN_64_TO_32_BIT_CONVERSION = YES;
				GCC_WARN_ABOUT_RETURN_TYPE = YES_ERROR;
				GCC_WARN_UNDECLARED_SELECTOR = YES;
				GCC_WARN_UNINITIALIZED_AUTOS = YES_AGGRESSIVE;
				GCC_WARN_UNUSED_FUNCTION = YES;
				GCC_WARN_UNUSED_VARIABLE = YES;
				MACOSX_DEPLOYMENT_TARGET = 13.0;
				MTL_ENABLE_DEBUG_INFO = NO;
				MTL_FAST_MATH = YES;
				PRODUCT_NAME = "$(TARGET_NAME)";
				SDKROOT = macosx;
				SWIFT_COMPILATION_MODE = wholemodule;
				SWIFT_OPTIMIZATION_LEVEL = "-O";
				SWIFT_VERSION = 5.0;
			};
			name = Release;
		};
		98274863390B31FB59972F46 /* Debug */ = {
			isa = XCBuildConfiguration;
			buildSettings = {
				ASSETCATALOG_COMPILER_APPICON_NAME = AppIcon;
				CODE_SIGN_ENTITLEMENTS = SmartNote/Resources/SmartNote.entitlements;
				COMBINE_HIDPI_IMAGES = YES;
				CURRENT_PROJECT_VERSION = 70;
				GENERATE_INFOPLIST_FILE = NO;
				INFOPLIST_FILE = SmartNote/Resources/Info.plist;
				INFOPLIST_KEY_CFBundleDisplayName = "智学笔记";
				INFOPLIST_KEY_LSApplicationCategoryType = "public.app-category.education";
				LD_RUNPATH_SEARCH_PATHS = (
					"$(inherited)",
					"@executable_path/../Frameworks",
				);
				MARKETING_VERSION = 1.4.6;
				PRODUCT_BUNDLE_IDENTIFIER = com.skyc8266.smartnote;
				PRODUCT_NAME = SmartNote;
				SDKROOT = macosx;
				SWIFT_EMIT_LOC_STRINGS = YES;
			};
			name = Debug;
		};
		B302FF9B02A5E993117D9FC0 /* Release */ = {
			isa = XCBuildConfiguration;
			buildSettings = {
				ASSETCATALOG_COMPILER_APPICON_NAME = AppIcon;
				CODE_SIGN_ENTITLEMENTS = SmartNote/Resources/SmartNote.entitlements;
				COMBINE_HIDPI_IMAGES = YES;
				CURRENT_PROJECT_VERSION = 70;
				GENERATE_INFOPLIST_FILE = NO;
				INFOPLIST_FILE = SmartNote/Resources/Info.plist;
				INFOPLIST_KEY_CFBundleDisplayName = "智学笔记";
				INFOPLIST_KEY_LSApplicationCategoryType = "public.app-category.education";
				LD_RUNPATH_SEARCH_PATHS = (
					"$(inherited)",
					"@executable_path/../Frameworks",
				);
				MARKETING_VERSION = 1.4.6;
				PRODUCT_BUNDLE_IDENTIFIER = com.skyc8266.smartnote;
				PRODUCT_NAME = SmartNote;
				SDKROOT = macosx;
				SWIFT_EMIT_LOC_STRINGS = YES;
			};
			name = Release;
		};
		EA80C529DCAA694AE907B1C9 /* Debug */ = {
			isa = XCBuildConfiguration;
			buildSettings = {
				ALWAYS_SEARCH_USER_PATHS = NO;
				CLANG_ANALYZER_NONNULL = YES;
				CLANG_ANALYZER_NUMBER_OBJECT_CONVERSION = YES_AGGRESSIVE;
				CLANG_CXX_LANGUAGE_STANDARD = "gnu++14";
				CLANG_CXX_LIBRARY = "libc++";
				CLANG_ENABLE_MODULES = YES;
				CLANG_ENABLE_OBJC_ARC = YES;
				CLANG_ENABLE_OBJC_WEAK = YES;
				CLANG_WARN_BLOCK_CAPTURE_AUTORELEASING = YES;
				CLANG_WARN_BOOL_CONVERSION = YES;
				CLANG_WARN_COMMA = YES;
				CLANG_WARN_CONSTANT_CONVERSION = YES;
				CLANG_WARN_DEPRECATED_OBJC_IMPLEMENTATIONS = YES;
				CLANG_WARN_DIRECT_OBJC_ISA_USAGE = YES_ERROR;
				CLANG_WARN_DOCUMENTATION_COMMENTS = YES;
				CLANG_WARN_EMPTY_BODY = YES;
				CLANG_WARN_ENUM_CONVERSION = YES;
				CLANG_WARN_INFINITE_RECURSION = YES;
				CLANG_WARN_INT_CONVERSION = YES;
				CLANG_WARN_NON_LITERAL_NULL_CONVERSION = YES;
				CLANG_WARN_OBJC_IMPLICIT_RETAIN_SELF = YES;
				CLANG_WARN_OBJC_LITERAL_CONVERSION = YES;
				CLANG_WARN_OBJC_ROOT_CLASS = YES_ERROR;
				CLANG_WARN_QUOTED_INCLUDE_IN_FRAMEWORK_HEADER = YES;
				CLANG_WARN_RANGE_LOOP_ANALYSIS = YES;
				CLANG_WARN_STRICT_PROTOTYPES = YES;
				CLANG_WARN_SUSPICIOUS_MOVE = YES;
				CLANG_WARN_UNGUARDED_AVAILABILITY = YES_AGGRESSIVE;
				CLANG_WARN_UNREACHABLE_CODE = YES;
				CLANG_WARN__DUPLICATE_METHOD_MATCH = YES;
				CODE_SIGN_STYLE = Automatic;
				COMBINE_HIDPI_IMAGES = YES;
				COPY_PHASE_STRIP = NO;
				DEBUG_INFORMATION_FORMAT = dwarf;
				ENABLE_HARDENED_RUNTIME = YES;
				ENABLE_STRICT_OBJC_MSGSEND = YES;
				ENABLE_TESTABILITY = YES;
				GCC_C_LANGUAGE_STANDARD = gnu11;
				GCC_DYNAMIC_NO_PIC = NO;
				GCC_NO_COMMON_BLOCKS = YES;
				GCC_OPTIMIZATION_LEVEL = 0;
				GCC_PREPROCESSOR_DEFINITIONS = (
					"$(inherited)",
					"DEBUG=1",
				);
				GCC_WARN_64_TO_32_BIT_CONVERSION = YES;
				GCC_WARN_ABOUT_RETURN_TYPE = YES_ERROR;
				GCC_WARN_UNDECLARED_SELECTOR = YES;
				GCC_WARN_UNINITIALIZED_AUTOS = YES_AGGRESSIVE;
				GCC_WARN_UNUSED_FUNCTION = YES;
				GCC_WARN_UNUSED_VARIABLE = YES;
				MACOSX_DEPLOYMENT_TARGET = 13.0;
				MTL_ENABLE_DEBUG_INFO = INCLUDE_SOURCE;
				MTL_FAST_MATH = YES;
				ONLY_ACTIVE_ARCH = YES;
				PRODUCT_NAME = "$(TARGET_NAME)";
				SDKROOT = macosx;
				SWIFT_ACTIVE_COMPILATION_CONDITIONS = DEBUG;
				SWIFT_OPTIMIZATION_LEVEL = "-Onone";
				SWIFT_VERSION = 5.0;
			};
			name = Debug;
		};
/* End XCBuildConfiguration section */

/* Begin XCConfigurationList section */
		9A48A5B4734D245FBBE0D7E7 /* Build configuration list for PBXProject "SmartNote" */ = {
			isa = XCConfigurationList;
			buildConfigurations = (
				EA80C529DCAA694AE907B1C9 /* Debug */,
				90B2348C3C5A9A44FA264BA9 /* Release */,
			);
			defaultConfigurationIsVisible = 0;
			defaultConfigurationName = Debug;
		};
		EE219BC392A50F5ABFB7BF2A /* Build configuration list for PBXNativeTarget "SmartNote" */ = {
			isa = XCConfigurationList;
			buildConfigurations = (
				98274863390B31FB59972F46 /* Debug */,
				B302FF9B02A5E993117D9FC0 /* Release */,
			);
			defaultConfigurationIsVisible = 0;
			defaultConfigurationName = Debug;
		};
/* End XCConfigurationList section */

/* Begin XCRemoteSwiftPackageReference section */
		CA9F344E819256EF08AB4AD4 /* XCRemoteSwiftPackageReference "swift-markdown" */ = {
			isa = XCRemoteSwiftPackageReference;
			repositoryURL = "https://github.com/swiftlang/swift-markdown";
			requirement = {
				kind = upToNextMajorVersion;
				minimumVersion = 0.4.0;
			};
		};
/* End XCRemoteSwiftPackageReference section */

/* Begin XCSwiftPackageProductDependency section */
		44E819ACF011BFB1CBCEC366 /* Markdown */ = {
			isa = XCSwiftPackageProductDependency;
			package = CA9F344E819256EF08AB4AD4 /* XCRemoteSwiftPackageReference "swift-markdown" */;
			productName = Markdown;
		};
/* End XCSwiftPackageProductDependency section */
	};
	rootObject = 2C1A81DFD445D6D2BC2EBC90 /* Project object */;
}
